
Microsoft Visual Studio Solution File, Format Version 12.00
# Visual Studio Version 16
VisualStudioVersion = 16.0.33529.622
MinimumVisualStudioVersion = 10.0.40219.1
Project("{FAE04EC0-301F-11D3-BF4B-00C04F79EFBC}") = "Webcertificado", "Webcertificado\Webcertificado.csproj", "{2D124473-4FB0-42D7-AA5A-02DFA5A37B7E}"
EndProject
Global
	GlobalSection(SolutionConfigurationPlatforms) = preSolution
		Debug|Any CPU = Debug|Any CPU
		Release|Any CPU = Release|Any CPU
	EndGlobalSection
	GlobalSection(ProjectConfigurationPlatforms) = postSolution
		{2D124473-4FB0-42D7-AA5A-02DFA5A37B7E}.Debug|Any CPU.ActiveCfg = Debug|Any CPU
		{2D124473-4FB0-42D7-AA5A-02DFA5A37B7E}.Debug|Any CPU.Build.0 = Debug|Any CPU
		{2D124473-4FB0-42D7-AA5A-02DFA5A37B7E}.Release|Any CPU.ActiveCfg = Release|Any CPU
		{2D124473-4FB0-42D7-AA5A-02DFA5A37B7E}.Release|Any CPU.Build.0 = Release|Any CPU
	EndGlobalSection
	GlobalSection(SolutionProperties) = preSolution
		HideSolutionNode = FALSE
	EndGlobalSection
	GlobalSection(ExtensibilityGlobals) = postSolution
		SolutionGuid = {DB8E6928-0B32-4A0C-A857-F3AEE59CCC9C}
	EndGlobalSection
EndGlobal
